// !$*UTF8*$!
{
	archiveVersion = 1;
	classes = {
	};
	objectVersion = 56;
	objects = {

/* Begin PBXBuildFile section */
		8E01426A2B3F62C500E7CAF3 /* ImageCaptureView.swift in Sources */ = {isa = PBXBuildFile; fileRef = 8E0142692B3F62C500E7CAF3 /* ImageCaptureView.swift */; };
		8E0142722B3F63AD00E7CAF3 /* QuoteGenerationView.swift in Sources */ = {isa = PBXBuildFile; fileRef = 8E0142712B3F63AD00E7CAF3 /* QuoteGenerationView.swift */; };
		8E11047A2B5C76D600C37510 /* Styles.swift in Sources */ = {isa = PBXBuildFile; fileRef = 8E1104792B5C76D600C37510 /* Styles.swift */; };
		8E38756E2B56F59F00F78A49 /* plist.plist in Resources */ = {isa = PBXBuildFile; fileRef = 8E38756D2B56F59F00F78A49 /* plist.plist */; };
		8E3875802B5784C700F78A49 /* RoofMeasurement+CoreDataClass.swift in Sources */ = {isa = PBXBuildFile; fileRef = 8E3875742B5784C600F78A49 /* RoofMeasurement+CoreDataClass.swift */; };
		8E3875812B5784C700F78A49 /* RoofMeasurement+CoreDataProperties.swift in Sources */ = {isa = PBXBuildFile; fileRef = 8E3875752B5784C600F78A49 /* RoofMeasurement+CoreDataProperties.swift */; };
		8E3875822B5784C700F78A49 /* UserAccount+CoreDataClass.swift in Sources */ = {isa = PBXBuildFile; fileRef = 8E3875762B5784C600F78A49 /* UserAccount+CoreDataClass.swift */; };
		8E3875832B5784C700F78A49 /* UserAccount+CoreDataProperties.swift in Sources */ = {isa = PBXBuildFile; fileRef = 8E3875772B5784C600F78A49 /* UserAccount+CoreDataProperties.swift */; };
		8E3875842B5784C700F78A49 /* Visualization+CoreDataClass.swift in Sources */ = {isa = PBXBuildFile; fileRef = 8E3875782B5784C600F78A49 /* Visualization+CoreDataClass.swift */; };
		8E3875852B5784C700F78A49 /* Visualization+CoreDataProperties.swift in Sources */ = {isa = PBXBuildFile; fileRef = 8E3875792B5784C600F78A49 /* Visualization+CoreDataProperties.swift */; };
		8E3875862B5784C700F78A49 /* Jobsite+CoreDataClass.swift in Sources */ = {isa = PBXBuildFile; fileRef = 8E38757A2B5784C600F78A49 /* Jobsite+CoreDataClass.swift */; };
		8E3875872B5784C700F78A49 /* Jobsite+CoreDataProperties.swift in Sources */ = {isa = PBXBuildFile; fileRef = 8E38757B2B5784C600F78A49 /* Jobsite+CoreDataProperties.swift */; };
		8E3875882B5784C700F78A49 /* Photo+CoreDataClass.swift in Sources */ = {isa = PBXBuildFile; fileRef = 8E38757C2B5784C600F78A49 /* Photo+CoreDataClass.swift */; };
		8E3875892B5784C700F78A49 /* Photo+CoreDataProperties.swift in Sources */ = {isa = PBXBuildFile; fileRef = 8E38757D2B5784C600F78A49 /* Photo+CoreDataProperties.swift */; };
		8E38758A2B5784C700F78A49 /* HomeOwner+CoreDataClass.swift in Sources */ = {isa = PBXBuildFile; fileRef = 8E38757E2B5784C600F78A49 /* HomeOwner+CoreDataClass.swift */; };
		8E38758B2B5784C700F78A49 /* HomeOwner+CoreDataProperties.swift in Sources */ = {isa = PBXBuildFile; fileRef = 8E38757F2B5784C600F78A49 /* HomeOwner+CoreDataProperties.swift */; };
		8E5148E12B636190006F1E5F /* FirebaseAnalytics in Frameworks */ = {isa = PBXBuildFile; productRef = 8E5148E02B636190006F1E5F /* FirebaseAnalytics */; };
		8E5148E32B636190006F1E5F /* FirebaseAnalyticsOnDeviceConversion in Frameworks */ = {isa = PBXBuildFile; productRef = 8E5148E22B636190006F1E5F /* FirebaseAnalyticsOnDeviceConversion */; };
		8E5148E52B636190006F1E5F /* FirebaseAnalyticsSwift in Frameworks */ = {isa = PBXBuildFile; productRef = 8E5148E42B636190006F1E5F /* FirebaseAnalyticsSwift */; };
		8E5148E72B636190006F1E5F /* FirebaseAnalyticsWithoutAdIdSupport in Frameworks */ = {isa = PBXBuildFile; productRef = 8E5148E62B636190006F1E5F /* FirebaseAnalyticsWithoutAdIdSupport */; };
		8E5148E92B636190006F1E5F /* FirebaseAppCheck in Frameworks */ = {isa = PBXBuildFile; productRef = 8E5148E82B636190006F1E5F /* FirebaseAppCheck */; };
		8E54F2A72B532BB4007E4B00 /* AppDelegate.swift in Sources */ = {isa = PBXBuildFile; fileRef = 8E54F2A62B532BB4007E4B00 /* AppDelegate.swift */; };
		8E589F2E2B6C0E47009AB8B3 /* ARKit.framework in Frameworks */ = {isa = PBXBuildFile; fileRef = 8E589F2D2B6C0E47009AB8B3 /* ARKit.framework */; };
		8E589F322B6C1FDB009AB8B3 /* ARSceneView.swift in Sources */ = {isa = PBXBuildFile; fileRef = 8E589F312B6C1FDB009AB8B3 /* ARSceneView.swift */; };
		8E905EFC2B45DC4D0032B24E /* Info.plist in Resources */ = {isa = PBXBuildFile; fileRef = 8E905EFB2B45DC4D0032B24E /* Info.plist */; };
		8E905EFE2B460E890032B24E /* SwiftUI.framework in Frameworks */ = {isa = PBXBuildFile; fileRef = 8E905EFD2B460E890032B24E /* SwiftUI.framework */; };
		8EA070BC2B508F9F00925619 /* PlaceOrderView.swift in Sources */ = {isa = PBXBuildFile; fileRef = 8EA070BB2B508F9F00925619 /* PlaceOrderView.swift */; };
		8EA070BE2B50903000925619 /* EnterAddressView.swift in Sources */ = {isa = PBXBuildFile; fileRef = 8EA070BD2B50903000925619 /* EnterAddressView.swift */; };
		8EA070C02B50924300925619 /* HeaderLogoView.swift in Sources */ = {isa = PBXBuildFile; fileRef = 8EA070BF2B50924300925619 /* HeaderLogoView.swift */; };
		8EA19F9C2AF6E0AD00FE87FA /* Assets.xcassets in Resources */ = {isa = PBXBuildFile; fileRef = 8EA19F9B2AF6E0AD00FE87FA /* Assets.xcassets */; };
		8EA19F9F2AF6E0AD00FE87FA /* Preview Assets.xcassets in Resources */ = {isa = PBXBuildFile; fileRef = 8EA19F9E2AF6E0AD00FE87FA /* Preview Assets.xcassets */; };
		8EA19FA72AF6E21500FE87FA /* Metal.framework in Frameworks */ = {isa = PBXBuildFile; fileRef = 8EA19FA62AF6E21500FE87FA /* Metal.framework */; };
		8EA35A0A2B60610B00365E7D /* OrderReportView.swift in Sources */ = {isa = PBXBuildFile; fileRef = 8EA35A092B60610B00365E7D /* OrderReportView.swift */; };
		8EA35A0F2B62042D00365E7D /* PropertyTypeSelectionView.swift in Sources */ = {isa = PBXBuildFile; fileRef = 8EA35A0E2B62042D00365E7D /* PropertyTypeSelectionView.swift */; };
		8EA35A112B62047C00365E7D /* PropertyAddressInputView.swift in Sources */ = {isa = PBXBuildFile; fileRef = 8EA35A102B62047C00365E7D /* PropertyAddressInputView.swift */; };
		8EA660A72B62F09F00A83275 /* RoofScene.scn in Resources */ = {isa = PBXBuildFile; fileRef = 8EA660A62B62F09F00A83275 /* RoofScene.scn */; };
		8EA660A92B62F2CE00A83275 /* RoofSceneView.swift in Sources */ = {isa = PBXBuildFile; fileRef = 8EA660A82B62F2CE00A83275 /* RoofSceneView.swift */; };
		8EA660AB2B62F31F00A83275 /* RoofScene.swift in Sources */ = {isa = PBXBuildFile; fileRef = 8EA660AA2B62F31F00A83275 /* RoofScene.swift */; };
		8EADC2852B66F48100BB7C1D /* PropertyType.swift in Sources */ = {isa = PBXBuildFile; fileRef = 8EADC2842B66F48100BB7C1D /* PropertyType.swift */; };
		8EADC2872B67351A00BB7C1D /* OrderStep.swift in Sources */ = {isa = PBXBuildFile; fileRef = 8EADC2862B67351A00BB7C1D /* OrderStep.swift */; };
		8EDD69822B505921004B7524 /* LoginView.swift in Sources */ = {isa = PBXBuildFile; fileRef = 8EDD69812B505921004B7524 /* LoginView.swift */; };
		8EDD698A2B506760004B7524 /* ContentView.swift in Sources */ = {isa = PBXBuildFile; fileRef = 8EDD69892B506760004B7524 /* ContentView.swift */; };
		8EDD69942B5081C3004B7524 /* PerfectionMetalsQuickMeasureApp.swift in Sources */ = {isa = PBXBuildFile; fileRef = 8EDD69932B5081C3004B7524 /* PerfectionMetalsQuickMeasureApp.swift */; };
		8EE6F8CD2B4B12FB00C09EE7 /* UIImagePickerController.swift in Sources */ = {isa = PBXBuildFile; fileRef = 8EE6F8CC2B4B12FB00C09EE7 /* UIImagePickerController.swift */; };
		8EE6F8CF2B4B132A00C09EE7 /* RoofMeasurementsProcessor.swift in Sources */ = {isa = PBXBuildFile; fileRef = 8EE6F8CE2B4B132A00C09EE7 /* RoofMeasurementsProcessor.swift */; };
		8EE6F8D12B4B135A00C09EE7 /*  Roof3DVisualizationView.swift in Sources */ = {isa = PBXBuildFile; fileRef = 8EE6F8D02B4B135A00C09EE7 /*  Roof3DVisualizationView.swift */; };
		8EE6F8D32B4B138F00C09EE7 /* ColorCustomizationView.swift in Sources */ = {isa = PBXBuildFile; fileRef = 8EE6F8D22B4B138F00C09EE7 /* ColorCustomizationView.swift */; };
		8EE6F8F52B4B64F700C09EE7 /* NetworkingService.swift in Sources */ = {isa = PBXBuildFile; fileRef = 8EE6F8F42B4B64F700C09EE7 /* NetworkingService.swift */; };
		8EE6F8F72B4B652C00C09EE7 /* DataPersistenceService.swift in Sources */ = {isa = PBXBuildFile; fileRef = 8EE6F8F62B4B652C00C09EE7 /* DataPersistenceService.swift */; };
		8EE6F8FB2B4B65A700C09EE7 /* RoofVisualizationViewModel.swift in Sources */ = {isa = PBXBuildFile; fileRef = 8EE6F8FA2B4B65A700C09EE7 /* RoofVisualizationViewModel.swift */; };
		8EE6F9022B4BA85E00C09EE7 /* RoofMeasurement.swift in Sources */ = {isa = PBXBuildFile; fileRef = 8EE6F9012B4BA85E00C09EE7 /* RoofMeasurement.swift */; };
		8EE6F9042B4C682300C09EE7 /* Color+Extensions.swift in Sources */ = {isa = PBXBuildFile; fileRef = 8EE6F9032B4C682300C09EE7 /* Color+Extensions.swift */; };
		8EE6F9062B4C8C1100C09EE7 /* AVFoundation.framework in Frameworks */ = {isa = PBXBuildFile; fileRef = 8EE6F9052B4C8C1100C09EE7 /* AVFoundation.framework */; };
		8EF5CA512B5582A9004CD294 /* Extensions.swift in Sources */ = {isa = PBXBuildFile; fileRef = 8EF5CA502B5582A9004CD294 /* Extensions.swift */; };
		8EF5CA532B55844A004CD294 /* SceneDelgate.swift in Sources */ = {isa = PBXBuildFile; fileRef = 8EF5CA522B55844A004CD294 /* SceneDelgate.swift */; };
		8EFA2DF02B581F7100E31902 /* perfectionmetalsquickmeasure.swift in Sources */ = {isa = PBXBuildFile; fileRef = 8EFA2DEF2B581F7100E31902 /* perfectionmetalsquickmeasure.swift */; };
		8EFA2DF12B5821C700E31902 /* GoogleService-Info-1.plist in Resources */ = {isa = PBXBuildFile; fileRef = 8E54F2A82B5339A7007E4B00 /* GoogleService-Info-1.plist */; };
		8EFA2DF52B599DF100E31902 /* CreateAccountView.swift in Sources */ = {isa = PBXBuildFile; fileRef = 8EFA2DF42B599DF100E31902 /* CreateAccountView.swift */; };
/* End PBXBuildFile section */

/* Begin PBXFileReference section */
		8E0142692B3F62C500E7CAF3 /* ImageCaptureView.swift */ = {isa = PBXFileReference; lastKnownFileType = sourcecode.swift; path = ImageCaptureView.swift; sourceTree = "<group>"; };
		8E0142712B3F63AD00E7CAF3 /* QuoteGenerationView.swift */ = {isa = PBXFileReference; lastKnownFileType = sourcecode.swift; path = QuoteGenerationView.swift; sourceTree = "<group>"; };
		8E1104792B5C76D600C37510 /* Styles.swift */ = {isa = PBXFileReference; lastKnownFileType = sourcecode.swift; path = Styles.swift; sourceTree = "<group>"; };
		8E38756D2B56F59F00F78A49 /* plist.plist */ = {isa = PBXFileReference; lastKnownFileType = text.plist.xml; path = plist.plist; sourceTree = "<group>"; };
		8E3875742B5784C600F78A49 /* RoofMeasurement+CoreDataClass.swift */ = {isa = PBXFileReference; lastKnownFileType = sourcecode.swift; name = "RoofMeasurement+CoreDataClass.swift"; path = "../RoofMeasurement+CoreDataClass.swift"; sourceTree = "<group>"; };
		8E3875752B5784C600F78A49 /* RoofMeasurement+CoreDataProperties.swift */ = {isa = PBXFileReference; lastKnownFileType = sourcecode.swift; name = "RoofMeasurement+CoreDataProperties.swift"; path = "../RoofMeasurement+CoreDataProperties.swift"; sourceTree = "<group>"; };
		8E3875762B5784C600F78A49 /* UserAccount+CoreDataClass.swift */ = {isa = PBXFileReference; lastKnownFileType = sourcecode.swift; path = "UserAccount+CoreDataClass.swift"; sourceTree = "<group>"; };
		8E3875772B5784C600F78A49 /* UserAccount+CoreDataProperties.swift */ = {isa = PBXFileReference; lastKnownFileType = sourcecode.swift; path = "UserAccount+CoreDataProperties.swift"; sourceTree = "<group>"; };
		8E3875782B5784C600F78A49 /* Visualization+CoreDataClass.swift */ = {isa = PBXFileReference; lastKnownFileType = sourcecode.swift; name = "Visualization+CoreDataClass.swift"; path = "../Visualization+CoreDataClass.swift"; sourceTree = "<group>"; };
		8E3875792B5784C600F78A49 /* Visualization+CoreDataProperties.swift */ = {isa = PBXFileReference; lastKnownFileType = sourcecode.swift; name = "Visualization+CoreDataProperties.swift"; path = "../Visualization+CoreDataProperties.swift"; sourceTree = "<group>"; };
		8E38757A2B5784C600F78A49 /* Jobsite+CoreDataClass.swift */ = {isa = PBXFileReference; lastKnownFileType = sourcecode.swift; name = "Jobsite+CoreDataClass.swift"; path = "../Jobsite+CoreDataClass.swift"; sourceTree = "<group>"; };
		8E38757B2B5784C600F78A49 /* Jobsite+CoreDataProperties.swift */ = {isa = PBXFileReference; lastKnownFileType = sourcecode.swift; name = "Jobsite+CoreDataProperties.swift"; path = "../Jobsite+CoreDataProperties.swift"; sourceTree = "<group>"; };
		8E38757C2B5784C600F78A49 /* Photo+CoreDataClass.swift */ = {isa = PBXFileReference; lastKnownFileType = sourcecode.swift; name = "Photo+CoreDataClass.swift"; path = "../Photo+CoreDataClass.swift"; sourceTree = "<group>"; };
		8E38757D2B5784C600F78A49 /* Photo+CoreDataProperties.swift */ = {isa = PBXFileReference; lastKnownFileType = sourcecode.swift; name = "Photo+CoreDataProperties.swift"; path = "../Photo+CoreDataProperties.swift"; sourceTree = "<group>"; };
		8E38757E2B5784C600F78A49 /* HomeOwner+CoreDataClass.swift */ = {isa = PBXFileReference; lastKnownFileType = sourcecode.swift; name = "HomeOwner+CoreDataClass.swift"; path = "../HomeOwner+CoreDataClass.swift"; sourceTree = "<group>"; };
		8E38757F2B5784C600F78A49 /* HomeOwner+CoreDataProperties.swift */ = {isa = PBXFileReference; lastKnownFileType = sourcecode.swift; name = "HomeOwner+CoreDataProperties.swift"; path = "../HomeOwner+CoreDataProperties.swift"; sourceTree = "<group>"; };
		8E54F2A62B532BB4007E4B00 /* AppDelegate.swift */ = {isa = PBXFileReference; lastKnownFileType = sourcecode.swift; path = AppDelegate.swift; sourceTree = "<group>"; };
		8E54F2A82B5339A7007E4B00 /* GoogleService-Info-1.plist */ = {isa = PBXFileReference; lastKnownFileType = text.plist.xml; path = "GoogleService-Info-1.plist"; sourceTree = "<group>"; };
		8E589F2D2B6C0E47009AB8B3 /* ARKit.framework */ = {isa = PBXFileReference; lastKnownFileType = wrapper.framework; name = ARKit.framework; path = System/Library/Frameworks/ARKit.framework; sourceTree = SDKROOT; };
		8E589F312B6C1FDB009AB8B3 /* ARSceneView.swift */ = {isa = PBXFileReference; lastKnownFileType = sourcecode.swift; path = ARSceneView.swift; sourceTree = "<group>"; };
		8E905EFB2B45DC4D0032B24E /* Info.plist */ = {isa = PBXFileReference; lastKnownFileType = text.plist.xml; path = Info.plist; sourceTree = "<group>"; };
		8E905EFD2B460E890032B24E /* SwiftUI.framework */ = {isa = PBXFileReference; lastKnownFileType = wrapper.framework; name = SwiftUI.framework; path = System/Library/Frameworks/SwiftUI.framework; sourceTree = SDKROOT; };
		8EA070BB2B508F9F00925619 /* PlaceOrderView.swift */ = {isa = PBXFileReference; lastKnownFileType = sourcecode.swift; path = PlaceOrderView.swift; sourceTree = "<group>"; };
		8EA070BD2B50903000925619 /* EnterAddressView.swift */ = {isa = PBXFileReference; lastKnownFileType = sourcecode.swift; path = EnterAddressView.swift; sourceTree = "<group>"; };
		8EA070BF2B50924300925619 /* HeaderLogoView.swift */ = {isa = PBXFileReference; lastKnownFileType = sourcecode.swift; path = HeaderLogoView.swift; sourceTree = "<group>"; };
		8EA19F942AF6E0AA00FE87FA /* Perfection Metals Quick Measure & Design.app */ = {isa = PBXFileReference; explicitFileType = wrapper.application; includeInIndex = 0; path = "Perfection Metals Quick Measure & Design.app"; sourceTree = BUILT_PRODUCTS_DIR; };
		8EA19F9B2AF6E0AD00FE87FA /* Assets.xcassets */ = {isa = PBXFileReference; lastKnownFileType = folder.assetcatalog; path = Assets.xcassets; sourceTree = "<group>"; };
		8EA19F9E2AF6E0AD00FE87FA /* Preview Assets.xcassets */ = {isa = PBXFileReference; lastKnownFileType = folder.assetcatalog; path = "Preview Assets.xcassets"; sourceTree = "<group>"; };
		8EA19FA62AF6E21500FE87FA /* Metal.framework */ = {isa = PBXFileReference; lastKnownFileType = wrapper.framework; name = Metal.framework; path = System/Library/Frameworks/Metal.framework; sourceTree = SDKROOT; };
		8EA35A092B60610B00365E7D /* OrderReportView.swift */ = {isa = PBXFileReference; lastKnownFileType = sourcecode.swift; path = OrderReportView.swift; sourceTree = "<group>"; };
		8EA35A0E2B62042D00365E7D /* PropertyTypeSelectionView.swift */ = {isa = PBXFileReference; lastKnownFileType = sourcecode.swift; path = PropertyTypeSelectionView.swift; sourceTree = "<group>"; };
		8EA35A102B62047C00365E7D /* PropertyAddressInputView.swift */ = {isa = PBXFileReference; lastKnownFileType = sourcecode.swift; path = PropertyAddressInputView.swift; sourceTree = "<group>"; };
		8EA660A62B62F09F00A83275 /* RoofScene.scn */ = {isa = PBXFileReference; lastKnownFileType = file.bplist; path = RoofScene.scn; sourceTree = "<group>"; };
		8EA660A82B62F2CE00A83275 /* RoofSceneView.swift */ = {isa = PBXFileReference; lastKnownFileType = sourcecode.swift; path = RoofSceneView.swift; sourceTree = "<group>"; };
		8EA660AA2B62F31F00A83275 /* RoofScene.swift */ = {isa = PBXFileReference; lastKnownFileType = sourcecode.swift; path = RoofScene.swift; sourceTree = "<group>"; };
		8EADC2842B66F48100BB7C1D /* PropertyType.swift */ = {isa = PBXFileReference; lastKnownFileType = sourcecode.swift; path = PropertyType.swift; sourceTree = "<group>"; };
		8EADC2862B67351A00BB7C1D /* OrderStep.swift */ = {isa = PBXFileReference; lastKnownFileType = sourcecode.swift; path = OrderStep.swift; sourceTree = "<group>"; };
		8EDD69812B505921004B7524 /* LoginView.swift */ = {isa = PBXFileReference; lastKnownFileType = sourcecode.swift; path = LoginView.swift; sourceTree = "<group>"; };
		8EDD69892B506760004B7524 /* ContentView.swift */ = {isa = PBXFileReference; lastKnownFileType = sourcecode.swift; path = ContentView.swift; sourceTree = "<group>"; };
		8EDD69932B5081C3004B7524 /* PerfectionMetalsQuickMeasureApp.swift */ = {isa = PBXFileReference; lastKnownFileType = sourcecode.swift; path = PerfectionMetalsQuickMeasureApp.swift; sourceTree = "<group>"; };
		8EE6F8CC2B4B12FB00C09EE7 /* UIImagePickerController.swift */ = {isa = PBXFileReference; lastKnownFileType = sourcecode.swift; path = UIImagePickerController.swift; sourceTree = "<group>"; };
		8EE6F8CE2B4B132A00C09EE7 /* RoofMeasurementsProcessor.swift */ = {isa = PBXFileReference; lastKnownFileType = sourcecode.swift; path = RoofMeasurementsProcessor.swift; sourceTree = "<group>"; };
		8EE6F8D02B4B135A00C09EE7 /*  Roof3DVisualizationView.swift */ = {isa = PBXFileReference; lastKnownFileType = sourcecode.swift; path = " Roof3DVisualizationView.swift"; sourceTree = "<group>"; };
		8EE6F8D22B4B138F00C09EE7 /* ColorCustomizationView.swift */ = {isa = PBXFileReference; lastKnownFileType = sourcecode.swift; path = ColorCustomizationView.swift; sourceTree = "<group>"; };
		8EE6F8F42B4B64F700C09EE7 /* NetworkingService.swift */ = {isa = PBXFileReference; lastKnownFileType = sourcecode.swift; path = NetworkingService.swift; sourceTree = "<group>"; };
		8EE6F8F62B4B652C00C09EE7 /* DataPersistenceService.swift */ = {isa = PBXFileReference; lastKnownFileType = sourcecode.swift; path = DataPersistenceService.swift; sourceTree = "<group>"; };
		8EE6F8FA2B4B65A700C09EE7 /* RoofVisualizationViewModel.swift */ = {isa = PBXFileReference; lastKnownFileType = sourcecode.swift; path = RoofVisualizationViewModel.swift; sourceTree = "<group>"; };
		8EE6F9012B4BA85E00C09EE7 /* RoofMeasurement.swift */ = {isa = PBXFileReference; lastKnownFileType = sourcecode.swift; path = RoofMeasurement.swift; sourceTree = "<group>"; };
		8EE6F9032B4C682300C09EE7 /* Color+Extensions.swift */ = {isa = PBXFileReference; lastKnownFileType = sourcecode.swift; path = "Color+Extensions.swift"; sourceTree = "<group>"; };
		8EE6F9052B4C8C1100C09EE7 /* AVFoundation.framework */ = {isa = PBXFileReference; lastKnownFileType = wrapper.framework; name = AVFoundation.framework; path = System/Library/Frameworks/AVFoundation.framework; sourceTree = SDKROOT; };
		8EF5CA502B5582A9004CD294 /* Extensions.swift */ = {isa = PBXFileReference; lastKnownFileType = sourcecode.swift; path = Extensions.swift; sourceTree = "<group>"; };
		8EF5CA522B55844A004CD294 /* SceneDelgate.swift */ = {isa = PBXFileReference; lastKnownFileType = sourcecode.swift; path = SceneDelgate.swift; sourceTree = "<group>"; };
		8EFA2DEF2B581F7100E31902 /* perfectionmetalsquickmeasure.swift */ = {isa = PBXFileReference; lastKnownFileType = sourcecode.swift; path = perfectionmetalsquickmeasure.swift; sourceTree = "<group>"; };
		8EFA2DF42B599DF100E31902 /* CreateAccountView.swift */ = {isa = PBXFileReference; lastKnownFileType = sourcecode.swift; path = CreateAccountView.swift; sourceTree = "<group>"; };
/* End PBXFileReference section */

/* Begin PBXFrameworksBuildPhase section */
		8EA19F912AF6E0AA00FE87FA /* Frameworks */ = {
			isa = PBXFrameworksBuildPhase;
			buildActionMask = 2147483647;
			files = (
				8E5148E92B636190006F1E5F /* FirebaseAppCheck in Frameworks */,
				8E5148E52B636190006F1E5F /* FirebaseAnalyticsSwift in Frameworks */,
				8EE6F9062B4C8C1100C09EE7 /* AVFoundation.framework in Frameworks */,
				8E905EFE2B460E890032B24E /* SwiftUI.framework in Frameworks */,
				8E5148E32B636190006F1E5F /* FirebaseAnalyticsOnDeviceConversion in Frameworks */,
				8E5148E72B636190006F1E5F /* FirebaseAnalyticsWithoutAdIdSupport in Frameworks */,
				8E589F2E2B6C0E47009AB8B3 /* ARKit.framework in Frameworks */,
				8E5148E12B636190006F1E5F /* FirebaseAnalytics in Frameworks */,
				8EA19FA72AF6E21500FE87FA /* Metal.framework in Frameworks */,
			);
			runOnlyForDeploymentPostprocessing = 0;
		};
/* End PBXFrameworksBuildPhase section */

/* Begin PBXGroup section */
		8E1104782B5C76BD00C37510 /* Styles */ = {
			isa = PBXGroup;
			children = (
				8E1104792B5C76D600C37510 /* Styles.swift */,
			);
			path = Styles;
			sourceTree = "<group>";
		};
		8E1104812B5DBDDA00C37510 /* Assets */ = {
			isa = PBXGroup;
			children = (
				8EA19F9B2AF6E0AD00FE87FA /* Assets.xcassets */,
			);
			path = Assets;
			sourceTree = "<group>";
		};
		8E1104822B5DCA4100C37510 /* Scene */ = {
			isa = PBXGroup;
			children = (
				8EA660A62B62F09F00A83275 /* RoofScene.scn */,
				8EA660AA2B62F31F00A83275 /* RoofScene.swift */,
			);
			path = Scene;
			sourceTree = "<group>";
		};
		8E8E9C4D2B50A89C0066374B /* Localization */ = {
			isa = PBXGroup;
			children = (
			);
			path = Localization;
			sourceTree = "<group>";
		};
		8E8E9C4E2B50C6E20066374B /* SupportingFiles */ = {
			isa = PBXGroup;
			children = (
				8E54F2A62B532BB4007E4B00 /* AppDelegate.swift */,
				8EF5CA522B55844A004CD294 /* SceneDelgate.swift */,
				8E38756D2B56F59F00F78A49 /* plist.plist */,
				8E905EFB2B45DC4D0032B24E /* Info.plist */,
				8E589F312B6C1FDB009AB8B3 /* ARSceneView.swift */,
			);
			path = SupportingFiles;
			sourceTree = "<group>";
		};
		8EA070B82B508BC000925619 /* CoreData */ = {
			isa = PBXGroup;
			children = (
				8E3875782B5784C600F78A49 /* Visualization+CoreDataClass.swift */,
				8E3875752B5784C600F78A49 /* RoofMeasurement+CoreDataProperties.swift */,
				8E38757A2B5784C600F78A49 /* Jobsite+CoreDataClass.swift */,
				8E3875772B5784C600F78A49 /* UserAccount+CoreDataProperties.swift */,
				8EDD69932B5081C3004B7524 /* PerfectionMetalsQuickMeasureApp.swift */,
				8E38757F2B5784C600F78A49 /* HomeOwner+CoreDataProperties.swift */,
				8E38757B2B5784C600F78A49 /* Jobsite+CoreDataProperties.swift */,
				8E38757E2B5784C600F78A49 /* HomeOwner+CoreDataClass.swift */,
				8E38757D2B5784C600F78A49 /* Photo+CoreDataProperties.swift */,
				8E38757C2B5784C600F78A49 /* Photo+CoreDataClass.swift */,
				8E3875792B5784C600F78A49 /* Visualization+CoreDataProperties.swift */,
				8E3875762B5784C600F78A49 /* UserAccount+CoreDataClass.swift */,
				8E3875742B5784C600F78A49 /* RoofMeasurement+CoreDataClass.swift */,
			);
			path = CoreData;
			sourceTree = "<group>";
		};
		8EA19F8B2AF6E0AA00FE87FA = {
			isa = PBXGroup;
			children = (
				8EFA2DEF2B581F7100E31902 /* perfectionmetalsquickmeasure.swift */,
				8E1104822B5DCA4100C37510 /* Scene */,
				8E1104812B5DBDDA00C37510 /* Assets */,
				8E1104782B5C76BD00C37510 /* Styles */,
				8E8E9C4E2B50C6E20066374B /* SupportingFiles */,
				8EDD698E2B506AF9004B7524 /* Resources */,
				8EA19F962AF6E0AA00FE87FA /* PerfectionMetalsQuickMeasure  */,
				8EA070B82B508BC000925619 /* CoreData */,
				8EA19F952AF6E0AA00FE87FA /* Products */,
				8EA19FA52AF6E21500FE87FA /* Frameworks */,
			);
			sourceTree = "<group>";
		};
		8EA19F952AF6E0AA00FE87FA /* Products */ = {
			isa = PBXGroup;
			children = (
				8EA19F942AF6E0AA00FE87FA /* Perfection Metals Quick Measure & Design.app */,
			);
			name = Products;
			sourceTree = "<group>";
		};
		8EA19F962AF6E0AA00FE87FA /* PerfectionMetalsQuickMeasure  */ = {
			isa = PBXGroup;
			children = (
				8EDD697F2B5055AC004B7524 /* Views */,
				8EF5CA4F2B557FED004CD294 /* Models */,
				8EF5CA4C2B557F18004CD294 /* Processors */,
				8EF5CA4A2B557DEF004CD294 /* Utilities */,
				8EF5CA492B557B4E004CD294 /* Controllers */,
				8EE6F8F32B4B649700C09EE7 /* ViewModels */,
				8EE6F8F22B4B646100C09EE7 /* Services */,
				8EA19F9D2AF6E0AD00FE87FA /* Preview Content */,
			);
			path = "PerfectionMetalsQuickMeasure ";
			sourceTree = "<group>";
		};
		8EA19F9D2AF6E0AD00FE87FA /* Preview Content */ = {
			isa = PBXGroup;
			children = (
				8EA19F9E2AF6E0AD00FE87FA /* Preview Assets.xcassets */,
			);
			path = "Preview Content";
			sourceTree = "<group>";
		};
		8EA19FA52AF6E21500FE87FA /* Frameworks */ = {
			isa = PBXGroup;
			children = (
				8E589F2D2B6C0E47009AB8B3 /* ARKit.framework */,
				8EE6F9052B4C8C1100C09EE7 /* AVFoundation.framework */,
				8E905EFD2B460E890032B24E /* SwiftUI.framework */,
				8EA19FA62AF6E21500FE87FA /* Metal.framework */,
			);
			name = Frameworks;
			sourceTree = "<group>";
		};
		8EDD697F2B5055AC004B7524 /* Views */ = {
			isa = PBXGroup;
			children = (
				8EDD69812B505921004B7524 /* LoginView.swift */,
				8EA35A092B60610B00365E7D /* OrderReportView.swift */,
				8EA070BD2B50903000925619 /* EnterAddressView.swift */,
				8EA070BB2B508F9F00925619 /* PlaceOrderView.swift */,
				8EA070BF2B50924300925619 /* HeaderLogoView.swift */,
				8EE6F8D02B4B135A00C09EE7 /*  Roof3DVisualizationView.swift */,
				8EE6F8D22B4B138F00C09EE7 /* ColorCustomizationView.swift */,
				8E0142712B3F63AD00E7CAF3 /* QuoteGenerationView.swift */,
				8EFA2DF42B599DF100E31902 /* CreateAccountView.swift */,
				8EDD69892B506760004B7524 /* ContentView.swift */,
				8EA35A0E2B62042D00365E7D /* PropertyTypeSelectionView.swift */,
				8EA35A102B62047C00365E7D /* PropertyAddressInputView.swift */,
				8EA660A82B62F2CE00A83275 /* RoofSceneView.swift */,
			);
			path = Views;
			sourceTree = "<group>";
		};
		8EDD698E2B506AF9004B7524 /* Resources */ = {
			isa = PBXGroup;
			children = (
				8E54F2A82B5339A7007E4B00 /* GoogleService-Info-1.plist */,
				8E8E9C4D2B50A89C0066374B /* Localization */,
			);
			path = Resources;
			sourceTree = "<group>";
		};
		8EE6F8F22B4B646100C09EE7 /* Services */ = {
			isa = PBXGroup;
			children = (
				8EE6F8F42B4B64F700C09EE7 /* NetworkingService.swift */,
				8EE6F8F62B4B652C00C09EE7 /* DataPersistenceService.swift */,
			);
			path = Services;
			sourceTree = "<group>";
		};
		8EE6F8F32B4B649700C09EE7 /* ViewModels */ = {
			isa = PBXGroup;
			children = (
				8E0142692B3F62C500E7CAF3 /* ImageCaptureView.swift */,
				8EE6F8FA2B4B65A700C09EE7 /* RoofVisualizationViewModel.swift */,
				8EADC2862B67351A00BB7C1D /* OrderStep.swift */,
			);
			path = ViewModels;
			sourceTree = "<group>";
		};
		8EF5CA492B557B4E004CD294 /* Controllers */ = {
			isa = PBXGroup;
			children = (
				8EE6F8CC2B4B12FB00C09EE7 /* UIImagePickerController.swift */,
			);
			path = Controllers;
			sourceTree = "<group>";
		};
		8EF5CA4A2B557DEF004CD294 /* Utilities */ = {
			isa = PBXGroup;
			children = (
				8EE6F9032B4C682300C09EE7 /* Color+Extensions.swift */,
				8EF5CA502B5582A9004CD294 /* Extensions.swift */,
			);
			path = Utilities;
			sourceTree = "<group>";
		};
		8EF5CA4C2B557F18004CD294 /* Processors */ = {
			isa = PBXGroup;
			children = (
				8EE6F8CE2B4B132A00C09EE7 /* RoofMeasurementsProcessor.swift */,
			);
			path = Processors;
			sourceTree = "<group>";
		};
		8EF5CA4F2B557FED004CD294 /* Models */ = {
			isa = PBXGroup;
			children = (
				8EE6F9012B4BA85E00C09EE7 /* RoofMeasurement.swift */,
				8EADC2842B66F48100BB7C1D /* PropertyType.swift */,
			);
			path = Models;
			sourceTree = "<group>";
		};
/* End PBXGroup section */

/* Begin PBXNativeTarget section */
		8EA19F932AF6E0AA00FE87FA /* Perfection Metals Quick Measure & Design */ = {
			isa = PBXNativeTarget;
			buildConfigurationList = 8EA19FA22AF6E0AD00FE87FA /* Build configuration list for PBXNativeTarget "Perfection Metals Quick Measure & Design" */;
			buildPhases = (
				8EA19F902AF6E0AA00FE87FA /* Sources */,
				8EA19F912AF6E0AA00FE87FA /* Frameworks */,
				8EA19F922AF6E0AA00FE87FA /* Resources */,
			);
			buildRules = (
			);
			dependencies = (
			);
			name = "Perfection Metals Quick Measure & Design";
			packageProductDependencies = (
				8E5148E02B636190006F1E5F /* FirebaseAnalytics */,
				8E5148E22B636190006F1E5F /* FirebaseAnalyticsOnDeviceConversion */,
				8E5148E42B636190006F1E5F /* FirebaseAnalyticsSwift */,
				8E5148E62B636190006F1E5F /* FirebaseAnalyticsWithoutAdIdSupport */,
				8E5148E82B636190006F1E5F /* FirebaseAppCheck */,
			);
			productName = "Perfection Metals Quick Measure & Design";
			productReference = 8EA19F942AF6E0AA00FE87FA /* Perfection Metals Quick Measure & Design.app */;
			productType = "com.apple.product-type.application";
		};
/* End PBXNativeTarget section */

/* Begin PBXProject section */
		8EA19F8C2AF6E0AA00FE87FA /* Project object */ = {
			isa = PBXProject;
			attributes = {
				BuildIndependentTargetsInParallel = 1;
				LastSwiftUpdateCheck = 1500;
				LastUpgradeCheck = 1500;
				TargetAttributes = {
					8EA19F932AF6E0AA00FE87FA = {
						CreatedOnToolsVersion = 15.0.1;
					};
				};
			};
			buildConfigurationList = 8EA19F8F2AF6E0AA00FE87FA /* Build configuration list for PBXProject "Perfection Metals Quick Measure & Design " */;
			compatibilityVersion = "Xcode 14.0";
			developmentRegion = en;
			hasScannedForEncodings = 0;
			knownRegions = (
				en,
			);
			mainGroup = 8EA19F8B2AF6E0AA00FE87FA;
			packageReferences = (
				8E5148DF2B636190006F1E5F /* XCRemoteSwiftPackageReference "firebase-ios-sdk" */,
			);
			productRefGroup = 8EA19F952AF6E0AA00FE87FA /* Products */;
			projectDirPath = "";
			projectRoot = "";
			targets = (
				8EA19F932AF6E0AA00FE87FA /* Perfection Metals Quick Measure & Design */,
			);
		};
/* End PBXProject section */

/* Begin PBXResourcesBuildPhase section */
		8EA19F922AF6E0AA00FE87FA /* Resources */ = {
			isa = PBXResourcesBuildPhase;
			buildActionMask = 2147483647;
			files = (
				8E905EFC2B45DC4D0032B24E /* Info.plist in Resources */,
				8EFA2DF12B5821C700E31902 /* GoogleService-Info-1.plist in Resources */,
				8E38756E2B56F59F00F78A49 /* plist.plist in Resources */,
				8EA19F9F2AF6E0AD00FE87FA /* Preview Assets.xcassets in Resources */,
				8EA19F9C2AF6E0AD00FE87FA /* Assets.xcassets in Resources */,
				8EA660A72B62F09F00A83275 /* RoofScene.scn in Resources */,
			);
			runOnlyForDeploymentPostprocessing = 0;
		};
/* End PBXResourcesBuildPhase section */

/* Begin PBXSourcesBuildPhase section */
		8EA19F902AF6E0AA00FE87FA /* Sources */ = {
			isa = PBXSourcesBuildPhase;
			buildActionMask = 2147483647;
			files = (
				8EE6F8CF2B4B132A00C09EE7 /* RoofMeasurementsProcessor.swift in Sources */,
				8E3875872B5784C700F78A49 /* Jobsite+CoreDataProperties.swift in Sources */,
				8EF5CA532B55844A004CD294 /* SceneDelgate.swift in Sources */,
				8EFA2DF02B581F7100E31902 /* perfectionmetalsquickmeasure.swift in Sources */,
				8EE6F8D12B4B135A00C09EE7 /*  Roof3DVisualizationView.swift in Sources */,
				8E3875802B5784C700F78A49 /* RoofMeasurement+CoreDataClass.swift in Sources */,
				8EA660AB2B62F31F00A83275 /* RoofScene.swift in Sources */,
				8E0142722B3F63AD00E7CAF3 /* QuoteGenerationView.swift in Sources */,
				8EE6F9022B4BA85E00C09EE7 /* RoofMeasurement.swift in Sources */,
				8EA35A0F2B62042D00365E7D /* PropertyTypeSelectionView.swift in Sources */,
				8EADC2872B67351A00BB7C1D /* OrderStep.swift in Sources */,
				8E54F2A72B532BB4007E4B00 /* AppDelegate.swift in Sources */,
				8EA660A92B62F2CE00A83275 /* RoofSceneView.swift in Sources */,
				8E01426A2B3F62C500E7CAF3 /* ImageCaptureView.swift in Sources */,
				8EA070BE2B50903000925619 /* EnterAddressView.swift in Sources */,
				8E38758A2B5784C700F78A49 /* HomeOwner+CoreDataClass.swift in Sources */,
				8EDD69942B5081C3004B7524 /* PerfectionMetalsQuickMeasureApp.swift in Sources */,
				8EE6F8F72B4B652C00C09EE7 /* DataPersistenceService.swift in Sources */,
				8EE6F8FB2B4B65A700C09EE7 /* RoofVisualizationViewModel.swift in Sources */,
				8EA070C02B50924300925619 /* HeaderLogoView.swift in Sources */,
				8EE6F8F52B4B64F700C09EE7 /* NetworkingService.swift in Sources */,
				8E3875822B5784C700F78A49 /* UserAccount+CoreDataClass.swift in Sources */,
				8EA35A0A2B60610B00365E7D /* OrderReportView.swift in Sources */,
				8E589F322B6C1FDB009AB8B3 /* ARSceneView.swift in Sources */,
				8EE6F8D32B4B138F00C09EE7 /* ColorCustomizationView.swift in Sources */,
				8E3875862B5784C700F78A49 /* Jobsite+CoreDataClass.swift in Sources */,
				8EDD698A2B506760004B7524 /* ContentView.swift in Sources */,
				8E3875852B5784C700F78A49 /* Visualization+CoreDataProperties.swift in Sources */,
				8EA070BC2B508F9F00925619 /* PlaceOrderView.swift in Sources */,
				8EA35A112B62047C00365E7D /* PropertyAddressInputView.swift in Sources */,
				8EE6F8CD2B4B12FB00C09EE7 /* UIImagePickerController.swift in Sources */,
				8E38758B2B5784C700F78A49 /* HomeOwner+CoreDataProperties.swift in Sources */,
				8E3875892B5784C700F78A49 /* Photo+CoreDataProperties.swift in Sources */,
				8E11047A2B5C76D600C37510 /* Styles.swift in Sources */,
				8E3875842B5784C700F78A49 /* Visualization+CoreDataClass.swift in Sources */,
				8E3875882B5784C700F78A49 /* Photo+CoreDataClass.swift in Sources */,
				8EE6F9042B4C682300C09EE7 /* Color+Extensions.swift in Sources */,
				8E3875832B5784C700F78A49 /* UserAccount+CoreDataProperties.swift in Sources */,
				8EF5CA512B5582A9004CD294 /* Extensions.swift in Sources */,
				8EADC2852B66F48100BB7C1D /* PropertyType.swift in Sources */,
				8EDD69822B505921004B7524 /* LoginView.swift in Sources */,
				8E3875812B5784C700F78A49 /* RoofMeasurement+CoreDataProperties.swift in Sources */,
				8EFA2DF52B599DF100E31902 /* CreateAccountView.swift in Sources */,
			);
			runOnlyForDeploymentPostprocessing = 0;
		};
/* End PBXSourcesBuildPhase section */

/* Begin XCBuildConfiguration section */
		8EA19FA02AF6E0AD00FE87FA /* Debug */ = {
			isa = XCBuildConfiguration;
			buildSettings = {
				ALWAYS_SEARCH_USER_PATHS = NO;
				ASSETCATALOG_COMPILER_GENERATE_SWIFT_ASSET_SYMBOL_EXTENSIONS = YES;
				CLANG_ANALYZER_NONNULL = YES;
				CLANG_ANALYZER_NUMBER_OBJECT_CONVERSION = YES_AGGRESSIVE;
				CLANG_CXX_LANGUAGE_STANDARD = "gnu++20";
				CLANG_ENABLE_MODULES = YES;
				CLANG_ENABLE_OBJC_ARC = YES;
				CLANG_ENABLE_OBJC_WEAK = YES;
				CLANG_WARN_BLOCK_CAPTURE_AUTORELEASING = YES;
				CLANG_WARN_BOOL_CONVERSION = YES;
				CLANG_WARN_COMMA = YES;
				CLANG_WARN_CONSTANT_CONVERSION = YES;
				CLANG_WARN_DEPRECATED_OBJC_IMPLEMENTATIONS = YES;
				CLANG_WARN_DIRECT_OBJC_ISA_USAGE = YES_ERROR;
				CLANG_WARN_DOCUMENTATION_COMMENTS = YES;
				CLANG_WARN_EMPTY_BODY = YES;
				CLANG_WARN_ENUM_CONVERSION = YES;
				CLANG_WARN_INFINITE_RECURSION = YES;
				CLANG_WARN_INT_CONVERSION = YES;
				CLANG_WARN_NON_LITERAL_NULL_CONVERSION = YES;
				CLANG_WARN_OBJC_IMPLICIT_RETAIN_SELF = YES;
				CLANG_WARN_OBJC_LITERAL_CONVERSION = YES;
				CLANG_WARN_OBJC_ROOT_CLASS = YES_ERROR;
				CLANG_WARN_QUOTED_INCLUDE_IN_FRAMEWORK_HEADER = YES;
				CLANG_WARN_RANGE_LOOP_ANALYSIS = YES;
				CLANG_WARN_STRICT_PROTOTYPES = YES;
				CLANG_WARN_SUSPICIOUS_MOVE = YES;
				CLANG_WARN_UNGUARDED_AVAILABILITY = YES_AGGRESSIVE;
				CLANG_WARN_UNREACHABLE_CODE = YES;
				CLANG_WARN__DUPLICATE_METHOD_MATCH = YES;
				COPY_PHASE_STRIP = NO;
				DEBUG_INFORMATION_FORMAT = dwarf;
				ENABLE_STRICT_OBJC_MSGSEND = YES;
				ENABLE_TESTABILITY = YES;
				ENABLE_USER_SCRIPT_SANDBOXING = YES;
				GCC_C_LANGUAGE_STANDARD = gnu17;
				GCC_DYNAMIC_NO_PIC = NO;
				GCC_NO_COMMON_BLOCKS = YES;
				GCC_OPTIMIZATION_LEVEL = 0;
				GCC_PREPROCESSOR_DEFINITIONS = (
					"DEBUG=1",
					"$(inherited)",
				);
				GCC_WARN_64_TO_32_BIT_CONVERSION = YES;
				GCC_WARN_ABOUT_RETURN_TYPE = YES_ERROR;
				GCC_WARN_UNDECLARED_SELECTOR = YES;
				GCC_WARN_UNINITIALIZED_AUTOS = YES_AGGRESSIVE;
				GCC_WARN_UNUSED_FUNCTION = YES;
				GCC_WARN_UNUSED_VARIABLE = YES;
				IPHONEOS_DEPLOYMENT_TARGET = 17.0;
				LOCALIZATION_PREFERS_STRING_CATALOGS = YES;
				MTL_ENABLE_DEBUG_INFO = INCLUDE_SOURCE;
				MTL_FAST_MATH = YES;
				ONLY_ACTIVE_ARCH = YES;
				SDKROOT = iphoneos;
				SWIFT_ACTIVE_COMPILATION_CONDITIONS = "DEBUG $(inherited)";
				SWIFT_OPTIMIZATION_LEVEL = "-Onone";
			};
			name = Debug;
		};
		8EA19FA12AF6E0AD00FE87FA /* Release */ = {
			isa = XCBuildConfiguration;
			buildSettings = {
				ALWAYS_SEARCH_USER_PATHS = NO;
				ASSETCATALOG_COMPILER_GENERATE_SWIFT_ASSET_SYMBOL_EXTENSIONS = YES;
				CLANG_ANALYZER_NONNULL = YES;
				CLANG_ANALYZER_NUMBER_OBJECT_CONVERSION = YES_AGGRESSIVE;
				CLANG_CXX_LANGUAGE_STANDARD = "gnu++20";
				CLANG_ENABLE_MODULES = YES;
				CLANG_ENABLE_OBJC_ARC = YES;
				CLANG_ENABLE_OBJC_WEAK = YES;
				CLANG_WARN_BLOCK_CAPTURE_AUTORELEASING = YES;
				CLANG_WARN_BOOL_CONVERSION = YES;
				CLANG_WARN_COMMA = YES;
				CLANG_WARN_CONSTANT_CONVERSION = YES;
				CLANG_WARN_DEPRECATED_OBJC_IMPLEMENTATIONS = YES;
				CLANG_WARN_DIRECT_OBJC_ISA_USAGE = YES_ERROR;
				CLANG_WARN_DOCUMENTATION_COMMENTS = YES;
				CLANG_WARN_EMPTY_BODY = YES;
				CLANG_WARN_ENUM_CONVERSION = YES;
				CLANG_WARN_INFINITE_RECURSION = YES;
				CLANG_WARN_INT_CONVERSION = YES;
				CLANG_WARN_NON_LITERAL_NULL_CONVERSION = YES;
				CLANG_WARN_OBJC_IMPLICIT_RETAIN_SELF = YES;
				CLANG_WARN_OBJC_LITERAL_CONVERSION = YES;
				CLANG_WARN_OBJC_ROOT_CLASS = YES_ERROR;
				CLANG_WARN_QUOTED_INCLUDE_IN_FRAMEWORK_HEADER = YES;
				CLANG_WARN_RANGE_LOOP_ANALYSIS = YES;
				CLANG_WARN_STRICT_PROTOTYPES = YES;
				CLANG_WARN_SUSPICIOUS_MOVE = YES;
				CLANG_WARN_UNGUARDED_AVAILABILITY = YES_AGGRESSIVE;
				CLANG_WARN_UNREACHABLE_CODE = YES;
				CLANG_WARN__DUPLICATE_METHOD_MATCH = YES;
				COPY_PHASE_STRIP = NO;
				DEBUG_INFORMATION_FORMAT = "dwarf-with-dsym";
				ENABLE_NS_ASSERTIONS = NO;
				ENABLE_STRICT_OBJC_MSGSEND = YES;
				ENABLE_USER_SCRIPT_SANDBOXING = YES;
				GCC_C_LANGUAGE_STANDARD = gnu17;
				GCC_NO_COMMON_BLOCKS = YES;
				GCC_WARN_64_TO_32_BIT_CONVERSION = YES;
				GCC_WARN_ABOUT_RETURN_TYPE = YES_ERROR;
				GCC_WARN_UNDECLARED_SELECTOR = YES;
				GCC_WARN_UNINITIALIZED_AUTOS = YES_AGGRESSIVE;
				GCC_WARN_UNUSED_FUNCTION = YES;
				GCC_WARN_UNUSED_VARIABLE = YES;
				IPHONEOS_DEPLOYMENT_TARGET = 17.0;
				LOCALIZATION_PREFERS_STRING_CATALOGS = YES;
				MTL_ENABLE_DEBUG_INFO = NO;
				MTL_FAST_MATH = YES;
				SDKROOT = iphoneos;
				SWIFT_COMPILATION_MODE = wholemodule;
				VALIDATE_PRODUCT = YES;
			};
			name = Release;
		};
		8EA19FA32AF6E0AD00FE87FA /* Debug */ = {
			isa = XCBuildConfiguration;
			buildSettings = {
				ASSETCATALOG_COMPILER_APPICON_NAME = AppIcon;
				ASSETCATALOG_COMPILER_GLOBAL_ACCENT_COLOR_NAME = AccentColor;
				CODE_SIGN_STYLE = Automatic;
				CURRENT_PROJECT_VERSION = 1;
				DEVELOPMENT_ASSET_PATHS = "\"Perfection Metals Quick Measure & Design/Preview Content\"";
				ENABLE_PREVIEWS = YES;
				GENERATE_INFOPLIST_FILE = YES;
				INFOPLIST_KEY_LSApplicationCategoryType = "public.app-category.productivity";
				INFOPLIST_KEY_UIApplicationSceneManifest_Generation = YES;
				INFOPLIST_KEY_UIApplicationSupportsIndirectInputEvents = YES;
				INFOPLIST_KEY_UILaunchScreen_Generation = YES;
				INFOPLIST_KEY_UISupportedInterfaceOrientations_iPad = "UIInterfaceOrientationPortrait UIInterfaceOrientationPortraitUpsideDown UIInterfaceOrientationLandscapeLeft UIInterfaceOrientationLandscapeRight";
				INFOPLIST_KEY_UISupportedInterfaceOrientations_iPhone = "UIInterfaceOrientationPortrait UIInterfaceOrientationLandscapeLeft UIInterfaceOrientationLandscapeRight";
				LD_RUNPATH_SEARCH_PATHS = (
					"$(inherited)",
					"@executable_path/Frameworks",
				);
				MARKETING_VERSION = 1.0;
				PRODUCT_BUNDLE_IDENTIFIER = com.perfectionmetalsquickmeasure;
				PRODUCT_NAME = "$(TARGET_NAME)";
				SUPPORTED_PLATFORMS = "iphoneos iphonesimulator";
				SUPPORTS_MACCATALYST = NO;
				SUPPORTS_XR_DESIGNED_FOR_IPHONE_IPAD = NO;
				SWIFT_EMIT_LOC_STRINGS = YES;
				SWIFT_VERSION = 5.0;
				TARGETED_DEVICE_FAMILY = "1,2";
			};
			name = Debug;
		};
		8EA19FA42AF6E0AD00FE87FA /* Release */ = {
			isa = XCBuildConfiguration;
			buildSettings = {
				ASSETCATALOG_COMPILER_APPICON_NAME = AppIcon;
				ASSETCATALOG_COMPILER_GLOBAL_ACCENT_COLOR_NAME = AccentColor;
				CODE_SIGN_STYLE = Automatic;
				CURRENT_PROJECT_VERSION = 1;
				DEVELOPMENT_ASSET_PATHS = "\"Perfection Metals Quick Measure & Design/Preview Content\"";
				ENABLE_PREVIEWS = YES;
				GENERATE_INFOPLIST_FILE = YES;
				INFOPLIST_KEY_LSApplicationCategoryType = "public.app-category.productivity";
				INFOPLIST_KEY_UIApplicationSceneManifest_Generation = YES;
				INFOPLIST_KEY_UIApplicationSupportsIndirectInputEvents = YES;
				INFOPLIST_KEY_UILaunchScreen_Generation = YES;
				INFOPLIST_KEY_UISupportedInterfaceOrientations_iPad = "UIInterfaceOrientationPortrait UIInterfaceOrientationPortraitUpsideDown UIInterfaceOrientationLandscapeLeft UIInterfaceOrientationLandscapeRight";
				INFOPLIST_KEY_UISupportedInterfaceOrientations_iPhone = "UIInterfaceOrientationPortrait UIInterfaceOrientationLandscapeLeft UIInterfaceOrientationLandscapeRight";
				LD_RUNPATH_SEARCH_PATHS = (
					"$(inherited)",
					"@executable_path/Frameworks",
				);
				MARKETING_VERSION = 1.0;
				PRODUCT_BUNDLE_IDENTIFIER = com.perfectionmetalsquickmeasure;
				PRODUCT_NAME = "$(TARGET_NAME)";
				SUPPORTED_PLATFORMS = "iphoneos iphonesimulator";
				SUPPORTS_MACCATALYST = NO;
				SUPPORTS_XR_DESIGNED_FOR_IPHONE_IPAD = NO;
				SWIFT_EMIT_LOC_STRINGS = YES;
				SWIFT_VERSION = 5.0;
				TARGETED_DEVICE_FAMILY = "1,2";
			};
			name = Release;
		};
/* End XCBuildConfiguration section */

/* Begin XCConfigurationList section */
		8EA19F8F2AF6E0AA00FE87FA /* Build configuration list for PBXProject "Perfection Metals Quick Measure & Design " */ = {
			isa = XCConfigurationList;
			buildConfigurations = (
				8EA19FA02AF6E0AD00FE87FA /* Debug */,
				8EA19FA12AF6E0AD00FE87FA /* Release */,
			);
			defaultConfigurationIsVisible = 0;
			defaultConfigurationName = Release;
		};
		8EA19FA22AF6E0AD00FE87FA /* Build configuration list for PBXNativeTarget "Perfection Metals Quick Measure & Design" */ = {
			isa = XCConfigurationList;
			buildConfigurations = (
				8EA19FA32AF6E0AD00FE87FA /* Debug */,
				8EA19FA42AF6E0AD00FE87FA /* Release */,
			);
			defaultConfigurationIsVisible = 0;
			defaultConfigurationName = Release;
		};
/* End XCConfigurationList section */

/* Begin XCRemoteSwiftPackageReference section */
		8E5148DF2B636190006F1E5F /* XCRemoteSwiftPackageReference "firebase-ios-sdk" */ = {
			isa = XCRemoteSwiftPackageReference;
			repositoryURL = "https://github.com/firebase/firebase-ios-sdk";
			requirement = {
				kind = upToNextMajorVersion;
				minimumVersion = 10.20.0;
			};
		};
/* End XCRemoteSwiftPackageReference section */

/* Begin XCSwiftPackageProductDependency section */
		8E5148E02B636190006F1E5F /* FirebaseAnalytics */ = {
			isa = XCSwiftPackageProductDependency;
			package = 8E5148DF2B636190006F1E5F /* XCRemoteSwiftPackageReference "firebase-ios-sdk" */;
			productName = FirebaseAnalytics;
		};
		8E5148E22B636190006F1E5F /* FirebaseAnalyticsOnDeviceConversion */ = {
			isa = XCSwiftPackageProductDependency;
			package = 8E5148DF2B636190006F1E5F /* XCRemoteSwiftPackageReference "firebase-ios-sdk" */;
			productName = FirebaseAnalyticsOnDeviceConversion;
		};
		8E5148E42B636190006F1E5F /* FirebaseAnalyticsSwift */ = {
			isa = XCSwiftPackageProductDependency;
			package = 8E5148DF2B636190006F1E5F /* XCRemoteSwiftPackageReference "firebase-ios-sdk" */;
			productName = FirebaseAnalyticsSwift;
		};
		8E5148E62B636190006F1E5F /* FirebaseAnalyticsWithoutAdIdSupport */ = {
			isa = XCSwiftPackageProductDependency;
			package = 8E5148DF2B636190006F1E5F /* XCRemoteSwiftPackageReference "firebase-ios-sdk" */;
			productName = FirebaseAnalyticsWithoutAdIdSupport;
		};
		8E5148E82B636190006F1E5F /* FirebaseAppCheck */ = {
			isa = XCSwiftPackageProductDependency;
			package = 8E5148DF2B636190006F1E5F /* XCRemoteSwiftPackageReference "firebase-ios-sdk" */;
			productName = FirebaseAppCheck;
		};
/* End XCSwiftPackageProductDependency section */
	};
	rootObject = 8EA19F8C2AF6E0AA00FE87FA /* Project object */;
}
