// !$*UTF8*$!
{
	archiveVersion = 1;
	classes = {
	};
	objectVersion = 56;
	objects = {

/* Begin PBXBuildFile section */
		8EA19F982AF6E0AA00FE87FA /* Perfection_Metals_Quick_Measure___DesignApp.swift in Sources */ = {isa = PBXBuildFile; fileRef = 8EA19F972AF6E0AA00FE87FA /* Perfection_Metals_Quick_Measure___DesignApp.swift */; };
		8EA19F9A2AF6E0AA00FE87FA /* ContentView.swift in Sources */ = {isa = PBXBuildFile; fileRef = 8EA19F992AF6E0AA00FE87FA /* ContentView.swift */; };
		8EA19F9C2AF6E0AD00FE87FA /* Assets.xcassets in Resources */ = {isa = PBXBuildFile; fileRef = 8EA19F9B2AF6E0AD00FE87FA /* Assets.xcassets */; };
		8EA19F9F2AF6E0AD00FE87FA /* Preview Assets.xcassets in Resources */ = {isa = PBXBuildFile; fileRef = 8EA19F9E2AF6E0AD00FE87FA /* Preview Assets.xcassets */; };
		8EA19FA72AF6E21500FE87FA /* Metal.framework in Frameworks */ = {isa = PBXBuildFile; fileRef = 8EA19FA62AF6E21500FE87FA /* Metal.framework */; };
		8EA19FA92B03F13B00FE87FA /* MeasureView.swift in Sources */ = {isa = PBXBuildFile; fileRef = 8EA19FA82B03F13B00FE87FA /* MeasureView.swift */; };
		8EA19FAB2B04003100FE87FA /* Quick Measure Step 1.swift in Sources */ = {isa = PBXBuildFile; fileRef = 8EA19FAA2B04003100FE87FA /* Quick Measure Step 1.swift */; };
		8EA19FAD2B04007200FE87FA /* Quick Measure Step 2.swift in Sources */ = {isa = PBXBuildFile; fileRef = 8EA19FAC2B04007200FE87FA /* Quick Measure Step 2.swift */; };
		8EA19FAF2B04008100FE87FA /* Quick Measure Step 3.swift in Sources */ = {isa = PBXBuildFile; fileRef = 8EA19FAE2B04008100FE87FA /* Quick Measure Step 3.swift */; };
		8EA19FB12B04009500FE87FA /* Quick Measure Step 4.swift in Sources */ = {isa = PBXBuildFile; fileRef = 8EA19FB02B04009500FE87FA /* Quick Measure Step 4.swift */; };
/* End PBXBuildFile section */

/* Begin PBXFileReference section */
		8EA19F942AF6E0AA00FE87FA /* Perfection Metals Quick Measure & Design.app */ = {isa = PBXFileReference; explicitFileType = wrapper.application; includeInIndex = 0; path = "Perfection Metals Quick Measure & Design.app"; sourceTree = BUILT_PRODUCTS_DIR; };
		8EA19F972AF6E0AA00FE87FA /* Perfection_Metals_Quick_Measure___DesignApp.swift */ = {isa = PBXFileReference; lastKnownFileType = sourcecode.swift; path = "Perfection_Metals_Quick_Measure___DesignApp.swift"; sourceTree = "<group>"; };
		8EA19F992AF6E0AA00FE87FA /* ContentView.swift */ = {isa = PBXFileReference; lastKnownFileType = sourcecode.swift; path = ContentView.swift; sourceTree = "<group>"; };
		8EA19F9B2AF6E0AD00FE87FA /* Assets.xcassets */ = {isa = PBXFileReference; lastKnownFileType = folder.assetcatalog; path = Assets.xcassets; sourceTree = "<group>"; };
		8EA19F9E2AF6E0AD00FE87FA /* Preview Assets.xcassets */ = {isa = PBXFileReference; lastKnownFileType = folder.assetcatalog; path = "Preview Assets.xcassets"; sourceTree = "<group>"; };
		8EA19FA62AF6E21500FE87FA /* Metal.framework */ = {isa = PBXFileReference; lastKnownFileType = wrapper.framework; name = Metal.framework; path = System/Library/Frameworks/Metal.framework; sourceTree = SDKROOT; };
		8EA19FA82B03F13B00FE87FA /* MeasureView.swift */ = {isa = PBXFileReference; lastKnownFileType = sourcecode.swift; path = MeasureView.swift; sourceTree = "<group>"; };
		8EA19FAA2B04003100FE87FA /* Quick Measure Step 1.swift */ = {isa = PBXFileReference; lastKnownFileType = sourcecode.swift; path = "Quick Measure Step 1.swift"; sourceTree = "<group>"; };
		8EA19FAC2B04007200FE87FA /* Quick Measure Step 2.swift */ = {isa = PBXFileReference; lastKnownFileType = sourcecode.swift; path = "Quick Measure Step 2.swift"; sourceTree = "<group>"; };
		8EA19FAE2B04008100FE87FA /* Quick Measure Step 3.swift */ = {isa = PBXFileReference; lastKnownFileType = sourcecode.swift; path = "Quick Measure Step 3.swift"; sourceTree = "<group>"; };
		8EA19FB02B04009500FE87FA /* Quick Measure Step 4.swift */ = {isa = PBXFileReference; lastKnownFileType = sourcecode.swift; path = "Quick Measure Step 4.swift"; sourceTree = "<group>"; };
/* End PBXFileReference section */

/* Begin PBXFrameworksBuildPhase section */
		8EA19F912AF6E0AA00FE87FA /* Frameworks */ = {
			isa = PBXFrameworksBuildPhase;
			buildActionMask = 2147483647;
			files = (
				8EA19FA72AF6E21500FE87FA /* Metal.framework in Frameworks */,
			);
			runOnlyForDeploymentPostprocessing = 0;
		};
/* End PBXFrameworksBuildPhase section */

/* Begin PBXGroup section */
		8EA19F8B2AF6E0AA00FE87FA = {
			isa = PBXGroup;
			children = (
				8EA19F962AF6E0AA00FE87FA /* Perfection Metals Quick Measure & Design */,
				8EA19F952AF6E0AA00FE87FA /* Products */,
				8EA19FA52AF6E21500FE87FA /* Frameworks */,
			);
			sourceTree = "<group>";
		};
		8EA19F952AF6E0AA00FE87FA /* Products */ = {
			isa = PBXGroup;
			children = (
				8EA19F942AF6E0AA00FE87FA /* Perfection Metals Quick Measure & Design.app */,
			);
			name = Products;
			sourceTree = "<group>";
		};
		8EA19F962AF6E0AA00FE87FA /* Perfection Metals Quick Measure & Design */ = {
			isa = PBXGroup;
			children = (
				8EA19F972AF6E0AA00FE87FA /* Perfection_Metals_Quick_Measure___DesignApp.swift */,
				8EA19F992AF6E0AA00FE87FA /* ContentView.swift */,
				8EA19FA82B03F13B00FE87FA /* MeasureView.swift */,
				8EA19F9B2AF6E0AD00FE87FA /* Assets.xcassets */,
				8EA19FAA2B04003100FE87FA /* Quick Measure Step 1.swift */,
				8EA19FAC2B04007200FE87FA /* Quick Measure Step 2.swift */,
				8EA19FAE2B04008100FE87FA /* Quick Measure Step 3.swift */,
				8EA19FB02B04009500FE87FA /* Quick Measure Step 4.swift */,
				8EA19F9D2AF6E0AD00FE87FA /* Preview Content */,
			);
			path = "Perfection Metals Quick Measure & Design";
			sourceTree = "<group>";
		};
		8EA19F9D2AF6E0AD00FE87FA /* Preview Content */ = {
			isa = PBXGroup;
			children = (
				8EA19F9E2AF6E0AD00FE87FA /* Preview Assets.xcassets */,
			);
			path = "Preview Content";
			sourceTree = "<group>";
		};
		8EA19FA52AF6E21500FE87FA /* Frameworks */ = {
			isa = PBXGroup;
			children = (
				8EA19FA62AF6E21500FE87FA /* Metal.framework */,
			);
			name = Frameworks;
			sourceTree = "<group>";
		};
/* End PBXGroup section */

/* Begin PBXNativeTarget section */
		8EA19F932AF6E0AA00FE87FA /* Perfection Metals Quick Measure & Design */ = {
			isa = PBXNativeTarget;
			buildConfigurationList = 8EA19FA22AF6E0AD00FE87FA /* Build configuration list for PBXNativeTarget "Perfection Metals Quick Measure & Design" */;
			buildPhases = (
				8EA19F902AF6E0AA00FE87FA /* Sources */,
				8EA19F912AF6E0AA00FE87FA /* Frameworks */,
				8EA19F922AF6E0AA00FE87FA /* Resources */,
			);
			buildRules = (
			);
			dependencies = (
			);
			name = "Perfection Metals Quick Measure & Design";
			productName = "Perfection Metals Quick Measure & Design";
			productReference = 8EA19F942AF6E0AA00FE87FA /* Perfection Metals Quick Measure & Design.app */;
			productType = "com.apple.product-type.application";
		};
/* End PBXNativeTarget section */

/* Begin PBXProject section */
		8EA19F8C2AF6E0AA00FE87FA /* Project object */ = {
			isa = PBXProject;
			attributes = {
				BuildIndependentTargetsInParallel = 1;
				LastSwiftUpdateCheck = 1500;
				LastUpgradeCheck = 1500;
				TargetAttributes = {
					8EA19F932AF6E0AA00FE87FA = {
						CreatedOnToolsVersion = 15.0.1;
					};
				};
			};
			buildConfigurationList = 8EA19F8F2AF6E0AA00FE87FA /* Build configuration list for PBXProject "Perfection Metals Quick Measure & Design" */;
			compatibilityVersion = "Xcode 14.0";
			developmentRegion = en;
			hasScannedForEncodings = 0;
			knownRegions = (
				en,
				Base,
			);
			mainGroup = 8EA19F8B2AF6E0AA00FE87FA;
			productRefGroup = 8EA19F952AF6E0AA00FE87FA /* Products */;
			projectDirPath = "";
			projectRoot = "";
			targets = (
				8EA19F932AF6E0AA00FE87FA /* Perfection Metals Quick Measure & Design */,
			);
		};
/* End PBXProject section */

/* Begin PBXResourcesBuildPhase section */
		8EA19F922AF6E0AA00FE87FA /* Resources */ = {
			isa = PBXResourcesBuildPhase;
			buildActionMask = 2147483647;
			files = (
				8EA19F9F2AF6E0AD00FE87FA /* Preview Assets.xcassets in Resources */,
				8EA19F9C2AF6E0AD00FE87FA /* Assets.xcassets in Resources */,
			);
			runOnlyForDeploymentPostprocessing = 0;
		};
/* End PBXResourcesBuildPhase section */

/* Begin PBXSourcesBuildPhase section */
		8EA19F902AF6E0AA00FE87FA /* Sources */ = {
			isa = PBXSourcesBuildPhase;
			buildActionMask = 2147483647;
			files = (
				8EA19F9A2AF6E0AA00FE87FA /* ContentView.swift in Sources */,
				8EA19FAB2B04003100FE87FA /* Quick Measure Step 1.swift in Sources */,
				8EA19FA92B03F13B00FE87FA /* MeasureView.swift in Sources */,
				8EA19FAD2B04007200FE87FA /* Quick Measure Step 2.swift in Sources */,
				8EA19F982AF6E0AA00FE87FA /* Perfection_Metals_Quick_Measure___DesignApp.swift in Sources */,
				8EA19FAF2B04008100FE87FA /* Quick Measure Step 3.swift in Sources */,
				8EA19FB12B04009500FE87FA /* Quick Measure Step 4.swift in Sources */,
			);
			runOnlyForDeploymentPostprocessing = 0;
		};
/* End PBXSourcesBuildPhase section */

/* Begin XCBuildConfiguration section */
		8EA19FA02AF6E0AD00FE87FA /* Debug */ = {
			isa = XCBuildConfiguration;
			buildSettings = {
				ALWAYS_SEARCH_USER_PATHS = NO;
				ASSETCATALOG_COMPILER_GENERATE_SWIFT_ASSET_SYMBOL_EXTENSIONS = YES;
				CLANG_ANALYZER_NONNULL = YES;
				CLANG_ANALYZER_NUMBER_OBJECT_CONVERSION = YES_AGGRESSIVE;
				CLANG_CXX_LANGUAGE_STANDARD = "gnu++20";
				CLANG_ENABLE_MODULES = YES;
				CLANG_ENABLE_OBJC_ARC = YES;
				CLANG_ENABLE_OBJC_WEAK = YES;
				CLANG_WARN_BLOCK_CAPTURE_AUTORELEASING = YES;
				CLANG_WARN_BOOL_CONVERSION = YES;
				CLANG_WARN_COMMA = YES;
				CLANG_WARN_CONSTANT_CONVERSION = YES;
				CLANG_WARN_DEPRECATED_OBJC_IMPLEMENTATIONS = YES;
				CLANG_WARN_DIRECT_OBJC_ISA_USAGE = YES_ERROR;
				CLANG_WARN_DOCUMENTATION_COMMENTS = YES;
				CLANG_WARN_EMPTY_BODY = YES;
				CLANG_WARN_ENUM_CONVERSION = YES;
				CLANG_WARN_INFINITE_RECURSION = YES;
				CLANG_WARN_INT_CONVERSION = YES;
				CLANG_WARN_NON_LITERAL_NULL_CONVERSION = YES;
				CLANG_WARN_OBJC_IMPLICIT_RETAIN_SELF = YES;
				CLANG_WARN_OBJC_LITERAL_CONVERSION = YES;
				CLANG_WARN_OBJC_ROOT_CLASS = YES_ERROR;
				CLANG_WARN_QUOTED_INCLUDE_IN_FRAMEWORK_HEADER = YES;
				CLANG_WARN_RANGE_LOOP_ANALYSIS = YES;
				CLANG_WARN_STRICT_PROTOTYPES = YES;
				CLANG_WARN_SUSPICIOUS_MOVE = YES;
				CLANG_WARN_UNGUARDED_AVAILABILITY = YES_AGGRESSIVE;
				CLANG_WARN_UNREACHABLE_CODE = YES;
				CLANG_WARN__DUPLICATE_METHOD_MATCH = YES;
				COPY_PHASE_STRIP = NO;
				DEBUG_INFORMATION_FORMAT = dwarf;
				ENABLE_STRICT_OBJC_MSGSEND = YES;
				ENABLE_TESTABILITY = YES;
				ENABLE_USER_SCRIPT_SANDBOXING = YES;
				GCC_C_LANGUAGE_STANDARD = gnu17;
				GCC_DYNAMIC_NO_PIC = NO;
				GCC_NO_COMMON_BLOCKS = YES;
				GCC_OPTIMIZATION_LEVEL = 0;
				GCC_PREPROCESSOR_DEFINITIONS = (
					"DEBUG=1",
					"$(inherited)",
				);
				GCC_WARN_64_TO_32_BIT_CONVERSION = YES;
				GCC_WARN_ABOUT_RETURN_TYPE = YES_ERROR;
				GCC_WARN_UNDECLARED_SELECTOR = YES;
				GCC_WARN_UNINITIALIZED_AUTOS = YES_AGGRESSIVE;
				GCC_WARN_UNUSED_FUNCTION = YES;
				GCC_WARN_UNUSED_VARIABLE = YES;
				IPHONEOS_DEPLOYMENT_TARGET = 17.0;
				LOCALIZATION_PREFERS_STRING_CATALOGS = YES;
				MTL_ENABLE_DEBUG_INFO = INCLUDE_SOURCE;
				MTL_FAST_MATH = YES;
				ONLY_ACTIVE_ARCH = YES;
				SDKROOT = iphoneos;
				SWIFT_ACTIVE_COMPILATION_CONDITIONS = "DEBUG $(inherited)";
				SWIFT_OPTIMIZATION_LEVEL = "-Onone";
			};
			name = Debug;
		};
		8EA19FA12AF6E0AD00FE87FA /* Release */ = {
			isa = XCBuildConfiguration;
			buildSettings = {
				ALWAYS_SEARCH_USER_PATHS = NO;
				ASSETCATALOG_COMPILER_GENERATE_SWIFT_ASSET_SYMBOL_EXTENSIONS = YES;
				CLANG_ANALYZER_NONNULL = YES;
				CLANG_ANALYZER_NUMBER_OBJECT_CONVERSION = YES_AGGRESSIVE;
				CLANG_CXX_LANGUAGE_STANDARD = "gnu++20";
				CLANG_ENABLE_MODULES = YES;
				CLANG_ENABLE_OBJC_ARC = YES;
				CLANG_ENABLE_OBJC_WEAK = YES;
				CLANG_WARN_BLOCK_CAPTURE_AUTORELEASING = YES;
				CLANG_WARN_BOOL_CONVERSION = YES;
				CLANG_WARN_COMMA = YES;
				CLANG_WARN_CONSTANT_CONVERSION = YES;
				CLANG_WARN_DEPRECATED_OBJC_IMPLEMENTATIONS = YES;
				CLANG_WARN_DIRECT_OBJC_ISA_USAGE = YES_ERROR;
				CLANG_WARN_DOCUMENTATION_COMMENTS = YES;
				CLANG_WARN_EMPTY_BODY = YES;
				CLANG_WARN_ENUM_CONVERSION = YES;
				CLANG_WARN_INFINITE_RECURSION = YES;
				CLANG_WARN_INT_CONVERSION = YES;
				CLANG_WARN_NON_LITERAL_NULL_CONVERSION = YES;
				CLANG_WARN_OBJC_IMPLICIT_RETAIN_SELF = YES;
				CLANG_WARN_OBJC_LITERAL_CONVERSION = YES;
				CLANG_WARN_OBJC_ROOT_CLASS = YES_ERROR;
				CLANG_WARN_QUOTED_INCLUDE_IN_FRAMEWORK_HEADER = YES;
				CLANG_WARN_RANGE_LOOP_ANALYSIS = YES;
				CLANG_WARN_STRICT_PROTOTYPES = YES;
				CLANG_WARN_SUSPICIOUS_MOVE = YES;
				CLANG_WARN_UNGUARDED_AVAILABILITY = YES_AGGRESSIVE;
				CLANG_WARN_UNREACHABLE_CODE = YES;
				CLANG_WARN__DUPLICATE_METHOD_MATCH = YES;
				COPY_PHASE_STRIP = NO;
				DEBUG_INFORMATION_FORMAT = "dwarf-with-dsym";
				ENABLE_NS_ASSERTIONS = NO;
				ENABLE_STRICT_OBJC_MSGSEND = YES;
				ENABLE_USER_SCRIPT_SANDBOXING = YES;
				GCC_C_LANGUAGE_STANDARD = gnu17;
				GCC_NO_COMMON_BLOCKS = YES;
				GCC_WARN_64_TO_32_BIT_CONVERSION = YES;
				GCC_WARN_ABOUT_RETURN_TYPE = YES_ERROR;
				GCC_WARN_UNDECLARED_SELECTOR = YES;
				GCC_WARN_UNINITIALIZED_AUTOS = YES_AGGRESSIVE;
				GCC_WARN_UNUSED_FUNCTION = YES;
				GCC_WARN_UNUSED_VARIABLE = YES;
				IPHONEOS_DEPLOYMENT_TARGET = 17.0;
				LOCALIZATION_PREFERS_STRING_CATALOGS = YES;
				MTL_ENABLE_DEBUG_INFO = NO;
				MTL_FAST_MATH = YES;
				SDKROOT = iphoneos;
				SWIFT_COMPILATION_MODE = wholemodule;
				VALIDATE_PRODUCT = YES;
			};
			name = Release;
		};
		8EA19FA32AF6E0AD00FE87FA /* Debug */ = {
			isa = XCBuildConfiguration;
			buildSettings = {
				ASSETCATALOG_COMPILER_APPICON_NAME = AppIcon;
				ASSETCATALOG_COMPILER_GLOBAL_ACCENT_COLOR_NAME = AccentColor;
				CODE_SIGN_STYLE = Automatic;
				CURRENT_PROJECT_VERSION = 1;
				DEVELOPMENT_ASSET_PATHS = "\"Perfection Metals Quick Measure & Design/Preview Content\"";
				ENABLE_PREVIEWS = YES;
				GENERATE_INFOPLIST_FILE = YES;
				INFOPLIST_KEY_LSApplicationCategoryType = "public.app-category.productivity";
				INFOPLIST_KEY_UIApplicationSceneManifest_Generation = YES;
				INFOPLIST_KEY_UIApplicationSupportsIndirectInputEvents = YES;
				INFOPLIST_KEY_UILaunchScreen_Generation = YES;
				INFOPLIST_KEY_UISupportedInterfaceOrientations_iPad = "UIInterfaceOrientationPortrait UIInterfaceOrientationPortraitUpsideDown UIInterfaceOrientationLandscapeLeft UIInterfaceOrientationLandscapeRight";
				INFOPLIST_KEY_UISupportedInterfaceOrientations_iPhone = "UIInterfaceOrientationPortrait UIInterfaceOrientationLandscapeLeft UIInterfaceOrientationLandscapeRight";
				LD_RUNPATH_SEARCH_PATHS = (
					"$(inherited)",
					"@executable_path/Frameworks",
				);
				MARKETING_VERSION = 1.0;
				PRODUCT_BUNDLE_IDENTIFIER = com.perfectionmetals.quickmeasure;
				PRODUCT_NAME = "$(TARGET_NAME)";
				SWIFT_EMIT_LOC_STRINGS = YES;
				SWIFT_VERSION = 5.0;
				TARGETED_DEVICE_FAMILY = "1,2";
			};
			name = Debug;
		};
		8EA19FA42AF6E0AD00FE87FA /* Release */ = {
			isa = XCBuildConfiguration;
			buildSettings = {
				ASSETCATALOG_COMPILER_APPICON_NAME = AppIcon;
				ASSETCATALOG_COMPILER_GLOBAL_ACCENT_COLOR_NAME = AccentColor;
				CODE_SIGN_STYLE = Automatic;
				CURRENT_PROJECT_VERSION = 1;
				DEVELOPMENT_ASSET_PATHS = "\"Perfection Metals Quick Measure & Design/Preview Content\"";
				ENABLE_PREVIEWS = YES;
				GENERATE_INFOPLIST_FILE = YES;
				INFOPLIST_KEY_LSApplicationCategoryType = "public.app-category.productivity";
				INFOPLIST_KEY_UIApplicationSceneManifest_Generation = YES;
				INFOPLIST_KEY_UIApplicationSupportsIndirectInputEvents = YES;
				INFOPLIST_KEY_UILaunchScreen_Generation = YES;
				INFOPLIST_KEY_UISupportedInterfaceOrientations_iPad = "UIInterfaceOrientationPortrait UIInterfaceOrientationPortraitUpsideDown UIInterfaceOrientationLandscapeLeft UIInterfaceOrientationLandscapeRight";
				INFOPLIST_KEY_UISupportedInterfaceOrientations_iPhone = "UIInterfaceOrientationPortrait UIInterfaceOrientationLandscapeLeft UIInterfaceOrientationLandscapeRight";
				LD_RUNPATH_SEARCH_PATHS = (
					"$(inherited)",
					"@executable_path/Frameworks",
				);
				MARKETING_VERSION = 1.0;
				PRODUCT_BUNDLE_IDENTIFIER = com.perfectionmetals.quickmeasure;
				PRODUCT_NAME = "$(TARGET_NAME)";
				SWIFT_EMIT_LOC_STRINGS = YES;
				SWIFT_VERSION = 5.0;
				TARGETED_DEVICE_FAMILY = "1,2";
			};
			name = Release;
		};
/* End XCBuildConfiguration section */

/* Begin XCConfigurationList section */
		8EA19F8F2AF6E0AA00FE87FA /* Build configuration list for PBXProject "Perfection Metals Quick Measure & Design" */ = {
			isa = XCConfigurationList;
			buildConfigurations = (
				8EA19FA02AF6E0AD00FE87FA /* Debug */,
				8EA19FA12AF6E0AD00FE87FA /* Release */,
			);
			defaultConfigurationIsVisible = 0;
			defaultConfigurationName = Release;
		};
		8EA19FA22AF6E0AD00FE87FA /* Build configuration list for PBXNativeTarget "Perfection Metals Quick Measure & Design" */ = {
			isa = XCConfigurationList;
			buildConfigurations = (
				8EA19FA32AF6E0AD00FE87FA /* Debug */,
				8EA19FA42AF6E0AD00FE87FA /* Release */,
			);
			defaultConfigurationIsVisible = 0;
			defaultConfigurationName = Release;
		};
/* End XCConfigurationList section */
	};
	rootObject = 8EA19F8C2AF6E0AA00FE87FA /* Project object */;
}
